
Microsoft Visual Studio Solution File, Format Version 12.00
# Visual Studio 2015
Project("{FAE04EC0-301F-11D3-BF4B-00C04F79EFBC}") = "Cards In Hands.CSharp", "Cards In Hands.CSharp.csproj", "{11EEFAB1-034B-AC5F-E1ED-0017CB92ECDD}"
EndProject
Global
	GlobalSection(SolutionConfigurationPlatforms) = preSolution
		Debug|Any CPU = Debug|Any CPU
		Release|Any CPU = Release|Any CPU
	EndGlobalSection
	GlobalSection(ProjectConfigurationPlatforms) = postSolution
		{11EEFAB1-034B-AC5F-E1ED-0017CB92ECDD}.Debug|Any CPU.ActiveCfg = Debug|Any CPU
		{11EEFAB1-034B-AC5F-E1ED-0017CB92ECDD}.Debug|Any CPU.Build.0 = Debug|Any CPU
		{11EEFAB1-034B-AC5F-E1ED-0017CB92ECDD}.Release|Any CPU.ActiveCfg = Release|Any CPU
		{11EEFAB1-034B-AC5F-E1ED-0017CB92ECDD}.Release|Any CPU.Build.0 = Release|Any CPU
	EndGlobalSection
	GlobalSection(SolutionProperties) = preSolution
		HideSolutionNode = FALSE
	EndGlobalSection
EndGlobal
