Microsoft Visual Studio Solution File, Format Version 11.00
# Visual Studio 2008

Project("{8DEC3394-D64A-80D7-12C4-3FE8422FF072}") = "Fragment_0829", "Assembly-CSharp.csproj", "{08508457-DDEF-57C8-2FFD-6564A20AAAB2}"
EndProject
Global
	GlobalSection(SolutionConfigurationPlatforms) = preSolution
		Debug|Any CPU = Debug|Any CPU
		Release|Any CPU = Release|Any CPU
	EndGlobalSection
	GlobalSection(ProjectConfigurationPlatforms) = postSolution
		{08508457-DDEF-57C8-2FFD-6564A20AAAB2}.Debug|Any CPU.ActiveCfg = Debug|Any CPU
		{08508457-DDEF-57C8-2FFD-6564A20AAAB2}.Debug|Any CPU.Build.0 = Debug|Any CPU
		{08508457-DDEF-57C8-2FFD-6564A20AAAB2}.Release|Any CPU.ActiveCfg = Release|Any CPU
		{08508457-DDEF-57C8-2FFD-6564A20AAAB2}.Release|Any CPU.Build.0 = Release|Any CPU
	EndGlobalSection
	GlobalSection(SolutionProperties) = preSolution
		HideSolutionNode = FALSE
	EndGlobalSection
	GlobalSection(MonoDevelopProperties) = preSolution
		StartupItem = Assembly-CSharp.csproj
	EndGlobalSection
EndGlobal
